
Microsoft Visual Studio Solution File, Format Version 12.00
# Visual Studio Version 17
VisualStudioVersion = 17.6.33927.249
MinimumVisualStudioVersion = 10.0.40219.1
Project("{2150E333-8FDC-42A3-9474-1A3956D46DE8}") = "Entreprise bussines rules", "Entreprise bussines rules", "{9B387CED-82B7-4353-ABE3-64B1D86AE70E}"
EndProject
Project("{9A19103F-16F7-4668-BE54-9A1E7A4F7556}") = "Entities", "Entities\Entities.csproj", "{FF0D95DD-7CB1-46E9-B8E7-E76BE9F896DB}"
EndProject
Project("{2150E333-8FDC-42A3-9474-1A3956D46DE8}") = "Application Bussiness Rules", "Application Bussiness Rules", "{930994A5-44ED-4750-A8C9-F90142AD4A19}"
EndProject
Project("{9A19103F-16F7-4668-BE54-9A1E7A4F7556}") = "DTOs", "DTOs\DTOs.csproj", "{690CF419-A28A-4190-89A8-32FAE5D2BB1A}"
EndProject
Project("{9A19103F-16F7-4668-BE54-9A1E7A4F7556}") = "UseCasePorts", "UseCasePorts\UseCasePorts.csproj", "{C26BDE45-9C2D-4BA9-9765-DE74113DEA13}"
EndProject
Project("{9A19103F-16F7-4668-BE54-9A1E7A4F7556}") = "UseCases", "UseCases\UseCases.csproj", "{1FA1360B-95CC-4652-8F7A-1FFCB04E447F}"
EndProject
Project("{2150E333-8FDC-42A3-9474-1A3956D46DE8}") = "Interface Adapter", "Interface Adapter", "{D180F932-B2BA-4912-A73D-2F0794920D24}"
EndProject
Project("{2150E333-8FDC-42A3-9474-1A3956D46DE8}") = "Controllers", "Controllers", "{A4C5E450-8524-4732-B73A-118FFC25A8E3}"
EndProject
Project("{9A19103F-16F7-4668-BE54-9A1E7A4F7556}") = "Controllers", "COntrollers\Controllers.csproj", "{20C9344C-3A54-4F49-BF1B-95DBC49CBE3B}"
EndProject
Project("{2150E333-8FDC-42A3-9474-1A3956D46DE8}") = "Gateways", "Gateways", "{40E326B6-D4C3-4DBA-A502-B5AA66D8E805}"
EndProject
Project("{9A19103F-16F7-4668-BE54-9A1E7A4F7556}") = "RepositoryEFCore", "RepositoryEFCore\RepositoryEFCore.csproj", "{F2B7BE33-F775-4947-8F04-2DEC1A267C55}"
EndProject
Project("{9A19103F-16F7-4668-BE54-9A1E7A4F7556}") = "IoC", "IoC\IoC.csproj", "{1BE9CED8-24EC-440A-9FFE-F6CA7A523164}"
EndProject
Project("{2150E333-8FDC-42A3-9474-1A3956D46DE8}") = "Presenters", "Presenters", "{85F1DA3D-C96F-44F3-B2AD-73E3C6AEDE40}"
EndProject
Project("{9A19103F-16F7-4668-BE54-9A1E7A4F7556}") = "Presenters", "Presenters\Presenters.csproj", "{2B45C3E0-68B7-4B1A-8BA7-4AB8225F99F1}"
EndProject
Project("{2150E333-8FDC-42A3-9474-1A3956D46DE8}") = "Framework and Dirvers", "Framework and Dirvers", "{FC863AC4-E0B3-4506-B8ED-E23CBE1482FD}"
EndProject
Project("{2150E333-8FDC-42A3-9474-1A3956D46DE8}") = "UIs", "UIs", "{D67EBD40-9EE0-4C32-9B20-7B73B72A5950}"
EndProject
Project("{9A19103F-16F7-4668-BE54-9A1E7A4F7556}") = "Api", "Api\Api.csproj", "{3B3E0E85-6874-4C53-AEA0-CA400D17F928}"
EndProject
Global
	GlobalSection(SolutionConfigurationPlatforms) = preSolution
		Debug|Any CPU = Debug|Any CPU
		Release|Any CPU = Release|Any CPU
	EndGlobalSection
	GlobalSection(ProjectConfigurationPlatforms) = postSolution
		{FF0D95DD-7CB1-46E9-B8E7-E76BE9F896DB}.Debug|Any CPU.ActiveCfg = Debug|Any CPU
		{FF0D95DD-7CB1-46E9-B8E7-E76BE9F896DB}.Debug|Any CPU.Build.0 = Debug|Any CPU
		{FF0D95DD-7CB1-46E9-B8E7-E76BE9F896DB}.Release|Any CPU.ActiveCfg = Release|Any CPU
		{FF0D95DD-7CB1-46E9-B8E7-E76BE9F896DB}.Release|Any CPU.Build.0 = Release|Any CPU
		{690CF419-A28A-4190-89A8-32FAE5D2BB1A}.Debug|Any CPU.ActiveCfg = Debug|Any CPU
		{690CF419-A28A-4190-89A8-32FAE5D2BB1A}.Debug|Any CPU.Build.0 = Debug|Any CPU
		{690CF419-A28A-4190-89A8-32FAE5D2BB1A}.Release|Any CPU.ActiveCfg = Release|Any CPU
		{690CF419-A28A-4190-89A8-32FAE5D2BB1A}.Release|Any CPU.Build.0 = Release|Any CPU
		{C26BDE45-9C2D-4BA9-9765-DE74113DEA13}.Debug|Any CPU.ActiveCfg = Debug|Any CPU
		{C26BDE45-9C2D-4BA9-9765-DE74113DEA13}.Debug|Any CPU.Build.0 = Debug|Any CPU
		{C26BDE45-9C2D-4BA9-9765-DE74113DEA13}.Release|Any CPU.ActiveCfg = Release|Any CPU
		{C26BDE45-9C2D-4BA9-9765-DE74113DEA13}.Release|Any CPU.Build.0 = Release|Any CPU
		{1FA1360B-95CC-4652-8F7A-1FFCB04E447F}.Debug|Any CPU.ActiveCfg = Debug|Any CPU
		{1FA1360B-95CC-4652-8F7A-1FFCB04E447F}.Debug|Any CPU.Build.0 = Debug|Any CPU
		{1FA1360B-95CC-4652-8F7A-1FFCB04E447F}.Release|Any CPU.ActiveCfg = Release|Any CPU
		{1FA1360B-95CC-4652-8F7A-1FFCB04E447F}.Release|Any CPU.Build.0 = Release|Any CPU
		{20C9344C-3A54-4F49-BF1B-95DBC49CBE3B}.Debug|Any CPU.ActiveCfg = Debug|Any CPU
		{20C9344C-3A54-4F49-BF1B-95DBC49CBE3B}.Debug|Any CPU.Build.0 = Debug|Any CPU
		{20C9344C-3A54-4F49-BF1B-95DBC49CBE3B}.Release|Any CPU.ActiveCfg = Release|Any CPU
		{20C9344C-3A54-4F49-BF1B-95DBC49CBE3B}.Release|Any CPU.Build.0 = Release|Any CPU
		{F2B7BE33-F775-4947-8F04-2DEC1A267C55}.Debug|Any CPU.ActiveCfg = Debug|Any CPU
		{F2B7BE33-F775-4947-8F04-2DEC1A267C55}.Debug|Any CPU.Build.0 = Debug|Any CPU
		{F2B7BE33-F775-4947-8F04-2DEC1A267C55}.Release|Any CPU.ActiveCfg = Release|Any CPU
		{F2B7BE33-F775-4947-8F04-2DEC1A267C55}.Release|Any CPU.Build.0 = Release|Any CPU
		{1BE9CED8-24EC-440A-9FFE-F6CA7A523164}.Debug|Any CPU.ActiveCfg = Debug|Any CPU
		{1BE9CED8-24EC-440A-9FFE-F6CA7A523164}.Debug|Any CPU.Build.0 = Debug|Any CPU
		{1BE9CED8-24EC-440A-9FFE-F6CA7A523164}.Release|Any CPU.ActiveCfg = Release|Any CPU
		{1BE9CED8-24EC-440A-9FFE-F6CA7A523164}.Release|Any CPU.Build.0 = Release|Any CPU
		{2B45C3E0-68B7-4B1A-8BA7-4AB8225F99F1}.Debug|Any CPU.ActiveCfg = Debug|Any CPU
		{2B45C3E0-68B7-4B1A-8BA7-4AB8225F99F1}.Debug|Any CPU.Build.0 = Debug|Any CPU
		{2B45C3E0-68B7-4B1A-8BA7-4AB8225F99F1}.Release|Any CPU.ActiveCfg = Release|Any CPU
		{2B45C3E0-68B7-4B1A-8BA7-4AB8225F99F1}.Release|Any CPU.Build.0 = Release|Any CPU
		{3B3E0E85-6874-4C53-AEA0-CA400D17F928}.Debug|Any CPU.ActiveCfg = Debug|Any CPU
		{3B3E0E85-6874-4C53-AEA0-CA400D17F928}.Debug|Any CPU.Build.0 = Debug|Any CPU
		{3B3E0E85-6874-4C53-AEA0-CA400D17F928}.Release|Any CPU.ActiveCfg = Release|Any CPU
		{3B3E0E85-6874-4C53-AEA0-CA400D17F928}.Release|Any CPU.Build.0 = Release|Any CPU
	EndGlobalSection
	GlobalSection(SolutionProperties) = preSolution
		HideSolutionNode = FALSE
	EndGlobalSection
	GlobalSection(NestedProjects) = preSolution
		{FF0D95DD-7CB1-46E9-B8E7-E76BE9F896DB} = {9B387CED-82B7-4353-ABE3-64B1D86AE70E}
		{690CF419-A28A-4190-89A8-32FAE5D2BB1A} = {930994A5-44ED-4750-A8C9-F90142AD4A19}
		{C26BDE45-9C2D-4BA9-9765-DE74113DEA13} = {930994A5-44ED-4750-A8C9-F90142AD4A19}
		{1FA1360B-95CC-4652-8F7A-1FFCB04E447F} = {930994A5-44ED-4750-A8C9-F90142AD4A19}
		{A4C5E450-8524-4732-B73A-118FFC25A8E3} = {D180F932-B2BA-4912-A73D-2F0794920D24}
		{20C9344C-3A54-4F49-BF1B-95DBC49CBE3B} = {A4C5E450-8524-4732-B73A-118FFC25A8E3}
		{40E326B6-D4C3-4DBA-A502-B5AA66D8E805} = {D180F932-B2BA-4912-A73D-2F0794920D24}
		{F2B7BE33-F775-4947-8F04-2DEC1A267C55} = {40E326B6-D4C3-4DBA-A502-B5AA66D8E805}
		{1BE9CED8-24EC-440A-9FFE-F6CA7A523164} = {40E326B6-D4C3-4DBA-A502-B5AA66D8E805}
		{85F1DA3D-C96F-44F3-B2AD-73E3C6AEDE40} = {D180F932-B2BA-4912-A73D-2F0794920D24}
		{2B45C3E0-68B7-4B1A-8BA7-4AB8225F99F1} = {85F1DA3D-C96F-44F3-B2AD-73E3C6AEDE40}
		{D67EBD40-9EE0-4C32-9B20-7B73B72A5950} = {FC863AC4-E0B3-4506-B8ED-E23CBE1482FD}
		{3B3E0E85-6874-4C53-AEA0-CA400D17F928} = {D67EBD40-9EE0-4C32-9B20-7B73B72A5950}
	EndGlobalSection
	GlobalSection(ExtensibilityGlobals) = postSolution
		SolutionGuid = {046ADD0F-2327-4BC6-87FD-D76DCBCC0969}
	EndGlobalSection
EndGlobal
